// !$*UTF8*$!
{
	archiveVersion = 1;
	classes = {
	};
	objectVersion = 46;
	objects = {

/* Begin PBXBuildFile section */
		2985BF8D1BD060C800FDBE6F /* main.m in Sources */ = {isa = PBXBuildFile; fileRef = 2985BF8C1BD060C800FDBE6F /* main.m */; };
		2985BF901BD060C800FDBE6F /* AppDelegate.m in Sources */ = {isa = PBXBuildFile; fileRef = 2985BF8F1BD060C800FDBE6F /* AppDelegate.m */; };
		2985BF931BD060C800FDBE6F /* RootViewController.m in Sources */ = {isa = PBXBuildFile; fileRef = 2985BF921BD060C800FDBE6F /* RootViewController.m */; };
		2985BF991BD060C800FDBE6F /* PageViewModelController.m in Sources */ = {isa = PBXBuildFile; fileRef = 2985BF981BD060C800FDBE6F /* PageViewModelController.m */; };
		2985BF9C1BD060C800FDBE6F /* Main.storyboard in Resources */ = {isa = PBXBuildFile; fileRef = 2985BF9A1BD060C800FDBE6F /* Main.storyboard */; };
		2985BF9E1BD060C800FDBE6F /* Assets.xcassets in Resources */ = {isa = PBXBuildFile; fileRef = 2985BF9D1BD060C800FDBE6F /* Assets.xcassets */; };
		2985BFA11BD060C800FDBE6F /* LaunchScreen.storyboard in Resources */ = {isa = PBXBuildFile; fileRef = 2985BF9F1BD060C800FDBE6F /* LaunchScreen.storyboard */; };
		2985BFAC1BD060C900FDBE6F /* LazyWeatherTests.m in Sources */ = {isa = PBXBuildFile; fileRef = 2985BFAB1BD060C900FDBE6F /* LazyWeatherTests.m */; };
		2985BFB71BD060C900FDBE6F /* LazyWeatherUITests.m in Sources */ = {isa = PBXBuildFile; fileRef = 2985BFB61BD060C900FDBE6F /* LazyWeatherUITests.m */; };
		2985BFCA1BD0628800FDBE6F /* LWHomeViewController.m in Sources */ = {isa = PBXBuildFile; fileRef = 2985BFC71BD0628800FDBE6F /* LWHomeViewController.m */; settings = {ASSET_TAGS = (); }; };
		2985C0121BD0735900FDBE6F /* SettingsStore.m in Sources */ = {isa = PBXBuildFile; fileRef = 2985C0061BD0735900FDBE6F /* SettingsStore.m */; settings = {ASSET_TAGS = (); }; };
		2985C0131BD0735900FDBE6F /* LWWeatherUpdateManager.m in Sources */ = {isa = PBXBuildFile; fileRef = 2985C0081BD0735900FDBE6F /* LWWeatherUpdateManager.m */; settings = {ASSET_TAGS = (); }; };
		2985C0141BD0735900FDBE6F /* LWWeatherStore.m in Sources */ = {isa = PBXBuildFile; fileRef = 2985C00A1BD0735900FDBE6F /* LWWeatherStore.m */; settings = {ASSET_TAGS = (); }; };
		2985C0151BD0735900FDBE6F /* LWLocationGrabber.m in Sources */ = {isa = PBXBuildFile; fileRef = 2985C00C1BD0735900FDBE6F /* LWLocationGrabber.m */; settings = {ASSET_TAGS = (); }; };
		2985C0161BD0735900FDBE6F /* LWDataFetcher.m in Sources */ = {isa = PBXBuildFile; fileRef = 2985C00E1BD0735900FDBE6F /* LWDataFetcher.m */; settings = {ASSET_TAGS = (); }; };
		2985C0171BD0735900FDBE6F /* LWDailyForecast.m in Sources */ = {isa = PBXBuildFile; fileRef = 2985C0101BD0735900FDBE6F /* LWDailyForecast.m */; settings = {ASSET_TAGS = (); }; };
/* End PBXBuildFile section */

/* Begin PBXContainerItemProxy section */
		2985BFA81BD060C900FDBE6F /* PBXContainerItemProxy */ = {
			isa = PBXContainerItemProxy;
			containerPortal = 2985BF801BD060C800FDBE6F /* Project object */;
			proxyType = 1;
			remoteGlobalIDString = 2985BF871BD060C800FDBE6F;
			remoteInfo = LazyWeather;
		};
		2985BFB31BD060C900FDBE6F /* PBXContainerItemProxy */ = {
			isa = PBXContainerItemProxy;
			containerPortal = 2985BF801BD060C800FDBE6F /* Project object */;
			proxyType = 1;
			remoteGlobalIDString = 2985BF871BD060C800FDBE6F;
			remoteInfo = LazyWeather;
		};
/* End PBXContainerItemProxy section */

/* Begin PBXFileReference section */
		2985BF881BD060C800FDBE6F /* LazyWeather.app */ = {isa = PBXFileReference; explicitFileType = wrapper.application; includeInIndex = 0; path = LazyWeather.app; sourceTree = BUILT_PRODUCTS_DIR; };
		2985BF8C1BD060C800FDBE6F /* main.m */ = {isa = PBXFileReference; lastKnownFileType = sourcecode.c.objc; path = main.m; sourceTree = "<group>"; };
		2985BF8E1BD060C800FDBE6F /* AppDelegate.h */ = {isa = PBXFileReference; lastKnownFileType = sourcecode.c.h; path = AppDelegate.h; sourceTree = "<group>"; };
		2985BF8F1BD060C800FDBE6F /* AppDelegate.m */ = {isa = PBXFileReference; lastKnownFileType = sourcecode.c.objc; path = AppDelegate.m; sourceTree = "<group>"; };
		2985BF911BD060C800FDBE6F /* RootViewController.h */ = {isa = PBXFileReference; lastKnownFileType = sourcecode.c.h; path = RootViewController.h; sourceTree = "<group>"; };
		2985BF921BD060C800FDBE6F /* RootViewController.m */ = {isa = PBXFileReference; lastKnownFileType = sourcecode.c.objc; path = RootViewController.m; sourceTree = "<group>"; };
		2985BF971BD060C800FDBE6F /* PageViewModelController.h */ = {isa = PBXFileReference; lastKnownFileType = sourcecode.c.h; path = PageViewModelController.h; sourceTree = "<group>"; };
		2985BF981BD060C800FDBE6F /* PageViewModelController.m */ = {isa = PBXFileReference; lastKnownFileType = sourcecode.c.objc; path = PageViewModelController.m; sourceTree = "<group>"; };
		2985BF9B1BD060C800FDBE6F /* Base */ = {isa = PBXFileReference; lastKnownFileType = file.storyboard; name = Base; path = Base.lproj/Main.storyboard; sourceTree = "<group>"; };
		2985BF9D1BD060C800FDBE6F /* Assets.xcassets */ = {isa = PBXFileReference; lastKnownFileType = folder.assetcatalog; path = Assets.xcassets; sourceTree = "<group>"; };
		2985BFA01BD060C800FDBE6F /* Base */ = {isa = PBXFileReference; lastKnownFileType = file.storyboard; name = Base; path = Base.lproj/LaunchScreen.storyboard; sourceTree = "<group>"; };
		2985BFA21BD060C900FDBE6F /* Info.plist */ = {isa = PBXFileReference; lastKnownFileType = text.plist.xml; path = Info.plist; sourceTree = "<group>"; };
		2985BFA71BD060C900FDBE6F /* LazyWeatherTests.xctest */ = {isa = PBXFileReference; explicitFileType = wrapper.cfbundle; includeInIndex = 0; path = LazyWeatherTests.xctest; sourceTree = BUILT_PRODUCTS_DIR; };
		2985BFAB1BD060C900FDBE6F /* LazyWeatherTests.m */ = {isa = PBXFileReference; lastKnownFileType = sourcecode.c.objc; path = LazyWeatherTests.m; sourceTree = "<group>"; };
		2985BFAD1BD060C900FDBE6F /* Info.plist */ = {isa = PBXFileReference; lastKnownFileType = text.plist.xml; path = Info.plist; sourceTree = "<group>"; };
		2985BFB21BD060C900FDBE6F /* LazyWeatherUITests.xctest */ = {isa = PBXFileReference; explicitFileType = wrapper.cfbundle; includeInIndex = 0; path = LazyWeatherUITests.xctest; sourceTree = BUILT_PRODUCTS_DIR; };
		2985BFB61BD060C900FDBE6F /* LazyWeatherUITests.m */ = {isa = PBXFileReference; lastKnownFileType = sourcecode.c.objc; path = LazyWeatherUITests.m; sourceTree = "<group>"; };
		2985BFB81BD060C900FDBE6F /* Info.plist */ = {isa = PBXFileReference; lastKnownFileType = text.plist.xml; path = Info.plist; sourceTree = "<group>"; };
		2985BFC71BD0628800FDBE6F /* LWHomeViewController.m */ = {isa = PBXFileReference; fileEncoding = 4; lastKnownFileType = sourcecode.c.objc; path = LWHomeViewController.m; sourceTree = "<group>"; };
		2985BFC81BD0628800FDBE6F /* LWHomeViewController.h */ = {isa = PBXFileReference; fileEncoding = 4; lastKnownFileType = sourcecode.c.h; path = LWHomeViewController.h; sourceTree = "<group>"; };
		2985C0061BD0735900FDBE6F /* SettingsStore.m */ = {isa = PBXFileReference; fileEncoding = 4; lastKnownFileType = sourcecode.c.objc; path = SettingsStore.m; sourceTree = "<group>"; };
		2985C0071BD0735900FDBE6F /* SettingsStore.h */ = {isa = PBXFileReference; fileEncoding = 4; lastKnownFileType = sourcecode.c.h; path = SettingsStore.h; sourceTree = "<group>"; };
		2985C0081BD0735900FDBE6F /* LWWeatherUpdateManager.m */ = {isa = PBXFileReference; fileEncoding = 4; lastKnownFileType = sourcecode.c.objc; path = LWWeatherUpdateManager.m; sourceTree = "<group>"; };
		2985C0091BD0735900FDBE6F /* LWWeatherUpdateManager.h */ = {isa = PBXFileReference; fileEncoding = 4; lastKnownFileType = sourcecode.c.h; path = LWWeatherUpdateManager.h; sourceTree = "<group>"; };
		2985C00A1BD0735900FDBE6F /* LWWeatherStore.m */ = {isa = PBXFileReference; fileEncoding = 4; lastKnownFileType = sourcecode.c.objc; path = LWWeatherStore.m; sourceTree = "<group>"; };
		2985C00B1BD0735900FDBE6F /* LWWeatherStore.h */ = {isa = PBXFileReference; fileEncoding = 4; lastKnownFileType = sourcecode.c.h; path = LWWeatherStore.h; sourceTree = "<group>"; };
		2985C00C1BD0735900FDBE6F /* LWLocationGrabber.m */ = {isa = PBXFileReference; fileEncoding = 4; lastKnownFileType = sourcecode.c.objc; path = LWLocationGrabber.m; sourceTree = "<group>"; };
		2985C00D1BD0735900FDBE6F /* LWLocationGrabber.h */ = {isa = PBXFileReference; fileEncoding = 4; lastKnownFileType = sourcecode.c.h; path = LWLocationGrabber.h; sourceTree = "<group>"; };
		2985C00E1BD0735900FDBE6F /* LWDataFetcher.m */ = {isa = PBXFileReference; fileEncoding = 4; lastKnownFileType = sourcecode.c.objc; path = LWDataFetcher.m; sourceTree = "<group>"; };
		2985C00F1BD0735900FDBE6F /* LWDataFetcher.h */ = {isa = PBXFileReference; fileEncoding = 4; lastKnownFileType = sourcecode.c.h; path = LWDataFetcher.h; sourceTree = "<group>"; };
		2985C0101BD0735900FDBE6F /* LWDailyForecast.m */ = {isa = PBXFileReference; fileEncoding = 4; lastKnownFileType = sourcecode.c.objc; path = LWDailyForecast.m; sourceTree = "<group>"; };
		2985C0111BD0735900FDBE6F /* LWDailyForecast.h */ = {isa = PBXFileReference; fileEncoding = 4; lastKnownFileType = sourcecode.c.h; path = LWDailyForecast.h; sourceTree = "<group>"; };
/* End PBXFileReference section */

/* Begin PBXFrameworksBuildPhase section */
		2985BF851BD060C800FDBE6F /* Frameworks */ = {
			isa = PBXFrameworksBuildPhase;
			buildActionMask = 2147483647;
			files = (
			);
			runOnlyForDeploymentPostprocessing = 0;
		};
		2985BFA41BD060C900FDBE6F /* Frameworks */ = {
			isa = PBXFrameworksBuildPhase;
			buildActionMask = 2147483647;
			files = (
			);
			runOnlyForDeploymentPostprocessing = 0;
		};
		2985BFAF1BD060C900FDBE6F /* Frameworks */ = {
			isa = PBXFrameworksBuildPhase;
			buildActionMask = 2147483647;
			files = (
			);
			runOnlyForDeploymentPostprocessing = 0;
		};
/* End PBXFrameworksBuildPhase section */

/* Begin PBXGroup section */
		2985BF7F1BD060C800FDBE6F = {
			isa = PBXGroup;
			children = (
				2985BF8A1BD060C800FDBE6F /* LazyWeather */,
				2985BFAA1BD060C900FDBE6F /* LazyWeatherTests */,
				2985BFB51BD060C900FDBE6F /* LazyWeatherUITests */,
				2985BF891BD060C800FDBE6F /* Products */,
			);
			sourceTree = "<group>";
		};
		2985BF891BD060C800FDBE6F /* Products */ = {
			isa = PBXGroup;
			children = (
				2985BF881BD060C800FDBE6F /* LazyWeather.app */,
				2985BFA71BD060C900FDBE6F /* LazyWeatherTests.xctest */,
				2985BFB21BD060C900FDBE6F /* LazyWeatherUITests.xctest */,
			);
			name = Products;
			sourceTree = "<group>";
		};
		2985BF8A1BD060C800FDBE6F /* LazyWeather */ = {
			isa = PBXGroup;
			children = (
				2985C0061BD0735900FDBE6F /* SettingsStore.m */,
				2985C0071BD0735900FDBE6F /* SettingsStore.h */,
				2985C0081BD0735900FDBE6F /* LWWeatherUpdateManager.m */,
				2985C0091BD0735900FDBE6F /* LWWeatherUpdateManager.h */,
				2985C00A1BD0735900FDBE6F /* LWWeatherStore.m */,
				2985C00B1BD0735900FDBE6F /* LWWeatherStore.h */,
				2985C00C1BD0735900FDBE6F /* LWLocationGrabber.m */,
				2985C00D1BD0735900FDBE6F /* LWLocationGrabber.h */,
				2985C00E1BD0735900FDBE6F /* LWDataFetcher.m */,
				2985C00F1BD0735900FDBE6F /* LWDataFetcher.h */,
				2985C0101BD0735900FDBE6F /* LWDailyForecast.m */,
				2985C0111BD0735900FDBE6F /* LWDailyForecast.h */,
				2985BFC71BD0628800FDBE6F /* LWHomeViewController.m */,
				2985BFC81BD0628800FDBE6F /* LWHomeViewController.h */,
				2985BF8E1BD060C800FDBE6F /* AppDelegate.h */,
				2985BF8F1BD060C800FDBE6F /* AppDelegate.m */,
				2985BF911BD060C800FDBE6F /* RootViewController.h */,
				2985BF921BD060C800FDBE6F /* RootViewController.m */,
				2985BF971BD060C800FDBE6F /* PageViewModelController.h */,
				2985BF981BD060C800FDBE6F /* PageViewModelController.m */,
				2985BF9A1BD060C800FDBE6F /* Main.storyboard */,
				2985BF9D1BD060C800FDBE6F /* Assets.xcassets */,
				2985BF9F1BD060C800FDBE6F /* LaunchScreen.storyboard */,
				2985BFA21BD060C900FDBE6F /* Info.plist */,
				2985BF8B1BD060C800FDBE6F /* Supporting Files */,
			);
			path = LazyWeather;
			sourceTree = "<group>";
		};
		2985BF8B1BD060C800FDBE6F /* Supporting Files */ = {
			isa = PBXGroup;
			children = (
				2985BF8C1BD060C800FDBE6F /* main.m */,
			);
			name = "Supporting Files";
			sourceTree = "<group>";
		};
		2985BFAA1BD060C900FDBE6F /* LazyWeatherTests */ = {
			isa = PBXGroup;
			children = (
				2985BFAB1BD060C900FDBE6F /* LazyWeatherTests.m */,
				2985BFAD1BD060C900FDBE6F /* Info.plist */,
			);
			path = LazyWeatherTests;
			sourceTree = "<group>";
		};
		2985BFB51BD060C900FDBE6F /* LazyWeatherUITests */ = {
			isa = PBXGroup;
			children = (
				2985BFB61BD060C900FDBE6F /* LazyWeatherUITests.m */,
				2985BFB81BD060C900FDBE6F /* Info.plist */,
			);
			path = LazyWeatherUITests;
			sourceTree = "<group>";
		};
/* End PBXGroup section */

/* Begin PBXNativeTarget section */
		2985BF871BD060C800FDBE6F /* LazyWeather */ = {
			isa = PBXNativeTarget;
			buildConfigurationList = 2985BFBB1BD060C900FDBE6F /* Build configuration list for PBXNativeTarget "LazyWeather" */;
			buildPhases = (
				2985BF841BD060C800FDBE6F /* Sources */,
				2985BF851BD060C800FDBE6F /* Frameworks */,
				2985BF861BD060C800FDBE6F /* Resources */,
			);
			buildRules = (
			);
			dependencies = (
			);
			name = LazyWeather;
			productName = LazyWeather;
			productReference = 2985BF881BD060C800FDBE6F /* LazyWeather.app */;
			productType = "com.apple.product-type.application";
		};
		2985BFA61BD060C900FDBE6F /* LazyWeatherTests */ = {
			isa = PBXNativeTarget;
			buildConfigurationList = 2985BFBE1BD060C900FDBE6F /* Build configuration list for PBXNativeTarget "LazyWeatherTests" */;
			buildPhases = (
				2985BFA31BD060C900FDBE6F /* Sources */,
				2985BFA41BD060C900FDBE6F /* Frameworks */,
				2985BFA51BD060C900FDBE6F /* Resources */,
			);
			buildRules = (
			);
			dependencies = (
				2985BFA91BD060C900FDBE6F /* PBXTargetDependency */,
			);
			name = LazyWeatherTests;
			productName = LazyWeatherTests;
			productReference = 2985BFA71BD060C900FDBE6F /* LazyWeatherTests.xctest */;
			productType = "com.apple.product-type.bundle.unit-test";
		};
		2985BFB11BD060C900FDBE6F /* LazyWeatherUITests */ = {
			isa = PBXNativeTarget;
			buildConfigurationList = 2985BFC11BD060C900FDBE6F /* Build configuration list for PBXNativeTarget "LazyWeatherUITests" */;
			buildPhases = (
				2985BFAE1BD060C900FDBE6F /* Sources */,
				2985BFAF1BD060C900FDBE6F /* Frameworks */,
				2985BFB01BD060C900FDBE6F /* Resources */,
			);
			buildRules = (
			);
			dependencies = (
				2985BFB41BD060C900FDBE6F /* PBXTargetDependency */,
			);
			name = LazyWeatherUITests;
			productName = LazyWeatherUITests;
			productReference = 2985BFB21BD060C900FDBE6F /* LazyWeatherUITests.xctest */;
			productType = "com.apple.product-type.bundle.ui-testing";
		};
/* End PBXNativeTarget section */

/* Begin PBXProject section */
		2985BF801BD060C800FDBE6F /* Project object */ = {
			isa = PBXProject;
			attributes = {
				LastUpgradeCheck = 0700;
				ORGANIZATIONNAME = "LazyWeather Team";
				TargetAttributes = {
					2985BF871BD060C800FDBE6F = {
						CreatedOnToolsVersion = 7.0.1;
					};
					2985BFA61BD060C900FDBE6F = {
						CreatedOnToolsVersion = 7.0.1;
						TestTargetID = 2985BF871BD060C800FDBE6F;
					};
					2985BFB11BD060C900FDBE6F = {
						CreatedOnToolsVersion = 7.0.1;
						TestTargetID = 2985BF871BD060C800FDBE6F;
					};
				};
			};
			buildConfigurationList = 2985BF831BD060C800FDBE6F /* Build configuration list for PBXProject "LazyWeather" */;
			compatibilityVersion = "Xcode 3.2";
			developmentRegion = English;
			hasScannedForEncodings = 0;
			knownRegions = (
				en,
				Base,
			);
			mainGroup = 2985BF7F1BD060C800FDBE6F;
			productRefGroup = 2985BF891BD060C800FDBE6F /* Products */;
			projectDirPath = "";
			projectRoot = "";
			targets = (
				2985BF871BD060C800FDBE6F /* LazyWeather */,
				2985BFA61BD060C900FDBE6F /* LazyWeatherTests */,
				2985BFB11BD060C900FDBE6F /* LazyWeatherUITests */,
			);
		};
/* End PBXProject section */

/* Begin PBXResourcesBuildPhase section */
		2985BF861BD060C800FDBE6F /* Resources */ = {
			isa = PBXResourcesBuildPhase;
			buildActionMask = 2147483647;
			files = (
				2985BFA11BD060C800FDBE6F /* LaunchScreen.storyboard in Resources */,
				2985BF9E1BD060C800FDBE6F /* Assets.xcassets in Resources */,
				2985BF9C1BD060C800FDBE6F /* Main.storyboard in Resources */,
			);
			runOnlyForDeploymentPostprocessing = 0;
		};
		2985BFA51BD060C900FDBE6F /* Resources */ = {
			isa = PBXResourcesBuildPhase;
			buildActionMask = 2147483647;
			files = (
			);
			runOnlyForDeploymentPostprocessing = 0;
		};
		2985BFB01BD060C900FDBE6F /* Resources */ = {
			isa = PBXResourcesBuildPhase;
			buildActionMask = 2147483647;
			files = (
			);
			runOnlyForDeploymentPostprocessing = 0;
		};
/* End PBXResourcesBuildPhase section */

/* Begin PBXSourcesBuildPhase section */
		2985BF841BD060C800FDBE6F /* Sources */ = {
			isa = PBXSourcesBuildPhase;
			buildActionMask = 2147483647;
			files = (
				2985C0161BD0735900FDBE6F /* LWDataFetcher.m in Sources */,
				2985C0121BD0735900FDBE6F /* SettingsStore.m in Sources */,
				2985C0171BD0735900FDBE6F /* LWDailyForecast.m in Sources */,
				2985BF901BD060C800FDBE6F /* AppDelegate.m in Sources */,
				2985BFCA1BD0628800FDBE6F /* LWHomeViewController.m in Sources */,
				2985C0141BD0735900FDBE6F /* LWWeatherStore.m in Sources */,
				2985C0151BD0735900FDBE6F /* LWLocationGrabber.m in Sources */,
				2985BF991BD060C800FDBE6F /* PageViewModelController.m in Sources */,
				2985BF8D1BD060C800FDBE6F /* main.m in Sources */,
				2985BF931BD060C800FDBE6F /* RootViewController.m in Sources */,
				2985C0131BD0735900FDBE6F /* LWWeatherUpdateManager.m in Sources */,
			);
			runOnlyForDeploymentPostprocessing = 0;
		};
		2985BFA31BD060C900FDBE6F /* Sources */ = {
			isa = PBXSourcesBuildPhase;
			buildActionMask = 2147483647;
			files = (
				2985BFAC1BD060C900FDBE6F /* LazyWeatherTests.m in Sources */,
			);
			runOnlyForDeploymentPostprocessing = 0;
		};
		2985BFAE1BD060C900FDBE6F /* Sources */ = {
			isa = PBXSourcesBuildPhase;
			buildActionMask = 2147483647;
			files = (
				2985BFB71BD060C900FDBE6F /* LazyWeatherUITests.m in Sources */,
			);
			runOnlyForDeploymentPostprocessing = 0;
		};
/* End PBXSourcesBuildPhase section */

/* Begin PBXTargetDependency section */
		2985BFA91BD060C900FDBE6F /* PBXTargetDependency */ = {
			isa = PBXTargetDependency;
			target = 2985BF871BD060C800FDBE6F /* LazyWeather */;
			targetProxy = 2985BFA81BD060C900FDBE6F /* PBXContainerItemProxy */;
		};
		2985BFB41BD060C900FDBE6F /* PBXTargetDependency */ = {
			isa = PBXTargetDependency;
			target = 2985BF871BD060C800FDBE6F /* LazyWeather */;
			targetProxy = 2985BFB31BD060C900FDBE6F /* PBXContainerItemProxy */;
		};
/* End PBXTargetDependency section */

/* Begin PBXVariantGroup section */
		2985BF9A1BD060C800FDBE6F /* Main.storyboard */ = {
			isa = PBXVariantGroup;
			children = (
				2985BF9B1BD060C800FDBE6F /* Base */,
			);
			name = Main.storyboard;
			sourceTree = "<group>";
		};
		2985BF9F1BD060C800FDBE6F /* LaunchScreen.storyboard */ = {
			isa = PBXVariantGroup;
			children = (
				2985BFA01BD060C800FDBE6F /* Base */,
			);
			name = LaunchScreen.storyboard;
			sourceTree = "<group>";
		};
/* End PBXVariantGroup section */

/* Begin XCBuildConfiguration section */
		2985BFB91BD060C900FDBE6F /* Debug */ = {
			isa = XCBuildConfiguration;
			buildSettings = {
				ALWAYS_SEARCH_USER_PATHS = NO;
				CLANG_CXX_LANGUAGE_STANDARD = "gnu++0x";
				CLANG_CXX_LIBRARY = "libc++";
				CLANG_ENABLE_MODULES = YES;
				CLANG_ENABLE_OBJC_ARC = YES;
				CLANG_WARN_BOOL_CONVERSION = YES;
				CLANG_WARN_CONSTANT_CONVERSION = YES;
				CLANG_WARN_DIRECT_OBJC_ISA_USAGE = YES_ERROR;
				CLANG_WARN_EMPTY_BODY = YES;
				CLANG_WARN_ENUM_CONVERSION = YES;
				CLANG_WARN_INT_CONVERSION = YES;
				CLANG_WARN_OBJC_ROOT_CLASS = YES_ERROR;
				CLANG_WARN_UNREACHABLE_CODE = YES;
				CLANG_WARN__DUPLICATE_METHOD_MATCH = YES;
				"CODE_SIGN_IDENTITY[sdk=iphoneos*]" = "iPhone Developer";
				COPY_PHASE_STRIP = NO;
				DEBUG_INFORMATION_FORMAT = dwarf;
				ENABLE_STRICT_OBJC_MSGSEND = YES;
				ENABLE_TESTABILITY = YES;
				GCC_C_LANGUAGE_STANDARD = gnu99;
				GCC_DYNAMIC_NO_PIC = NO;
				GCC_NO_COMMON_BLOCKS = YES;
				GCC_OPTIMIZATION_LEVEL = 0;
				GCC_PREPROCESSOR_DEFINITIONS = (
					"DEBUG=1",
					"$(inherited)",
				);
				GCC_WARN_64_TO_32_BIT_CONVERSION = YES;
				GCC_WARN_ABOUT_RETURN_TYPE = YES_ERROR;
				GCC_WARN_UNDECLARED_SELECTOR = YES;
				GCC_WARN_UNINITIALIZED_AUTOS = YES_AGGRESSIVE;
				GCC_WARN_UNUSED_FUNCTION = YES;
				GCC_WARN_UNUSED_VARIABLE = YES;
				IPHONEOS_DEPLOYMENT_TARGET = 9.0;
				MTL_ENABLE_DEBUG_INFO = YES;
				ONLY_ACTIVE_ARCH = YES;
				SDKROOT = iphoneos;
			};
			name = Debug;
		};
		2985BFBA1BD060C900FDBE6F /* Release */ = {
			isa = XCBuildConfiguration;
			buildSettings = {
				ALWAYS_SEARCH_USER_PATHS = NO;
				CLANG_CXX_LANGUAGE_STANDARD = "gnu++0x";
				CLANG_CXX_LIBRARY = "libc++";
				CLANG_ENABLE_MODULES = YES;
				CLANG_ENABLE_OBJC_ARC = YES;
				CLANG_WARN_BOOL_CONVERSION = YES;
				CLANG_WARN_CONSTANT_CONVERSION = YES;
				CLANG_WARN_DIRECT_OBJC_ISA_USAGE = YES_ERROR;
				CLANG_WARN_EMPTY_BODY = YES;
				CLANG_WARN_ENUM_CONVERSION = YES;
				CLANG_WARN_INT_CONVERSION = YES;
				CLANG_WARN_OBJC_ROOT_CLASS = YES_ERROR;
				CLANG_WARN_UNREACHABLE_CODE = YES;
				CLANG_WARN__DUPLICATE_METHOD_MATCH = YES;
				"CODE_SIGN_IDENTITY[sdk=iphoneos*]" = "iPhone Developer";
				COPY_PHASE_STRIP = NO;
				DEBUG_INFORMATION_FORMAT = "dwarf-with-dsym";
				ENABLE_NS_ASSERTIONS = NO;
				ENABLE_STRICT_OBJC_MSGSEND = YES;
				GCC_C_LANGUAGE_STANDARD = gnu99;
				GCC_NO_COMMON_BLOCKS = YES;
				GCC_WARN_64_TO_32_BIT_CONVERSION = YES;
				GCC_WARN_ABOUT_RETURN_TYPE = YES_ERROR;
				GCC_WARN_UNDECLARED_SELECTOR = YES;
				GCC_WARN_UNINITIALIZED_AUTOS = YES_AGGRESSIVE;
				GCC_WARN_UNUSED_FUNCTION = YES;
				GCC_WARN_UNUSED_VARIABLE = YES;
				IPHONEOS_DEPLOYMENT_TARGET = 9.0;
				MTL_ENABLE_DEBUG_INFO = NO;
				SDKROOT = iphoneos;
				VALIDATE_PRODUCT = YES;
			};
			name = Release;
		};
		2985BFBC1BD060C900FDBE6F /* Debug */ = {
			isa = XCBuildConfiguration;
			buildSettings = {
				ASSETCATALOG_COMPILER_APPICON_NAME = AppIcon;
				INFOPLIST_FILE = LazyWeather/Info.plist;
				LD_RUNPATH_SEARCH_PATHS = "$(inherited) @executable_path/Frameworks";
				PRODUCT_BUNDLE_IDENTIFIER = com.LW.LazyWeather;
				PRODUCT_NAME = "$(TARGET_NAME)";
			};
			name = Debug;
		};
		2985BFBD1BD060C900FDBE6F /* Release */ = {
			isa = XCBuildConfiguration;
			buildSettings = {
				ASSETCATALOG_COMPILER_APPICON_NAME = AppIcon;
				INFOPLIST_FILE = LazyWeather/Info.plist;
				LD_RUNPATH_SEARCH_PATHS = "$(inherited) @executable_path/Frameworks";
				PRODUCT_BUNDLE_IDENTIFIER = com.LW.LazyWeather;
				PRODUCT_NAME = "$(TARGET_NAME)";
			};
			name = Release;
		};
		2985BFBF1BD060C900FDBE6F /* Debug */ = {
			isa = XCBuildConfiguration;
			buildSettings = {
				BUNDLE_LOADER = "$(TEST_HOST)";
				INFOPLIST_FILE = LazyWeatherTests/Info.plist;
				LD_RUNPATH_SEARCH_PATHS = "$(inherited) @executable_path/Frameworks @loader_path/Frameworks";
				PRODUCT_BUNDLE_IDENTIFIER = com.LW.LazyWeatherTests;
				PRODUCT_NAME = "$(TARGET_NAME)";
				TEST_HOST = "$(BUILT_PRODUCTS_DIR)/LazyWeather.app/LazyWeather";
			};
			name = Debug;
		};
		2985BFC01BD060C900FDBE6F /* Release */ = {
			isa = XCBuildConfiguration;
			buildSettings = {
				BUNDLE_LOADER = "$(TEST_HOST)";
				INFOPLIST_FILE = LazyWeatherTests/Info.plist;
				LD_RUNPATH_SEARCH_PATHS = "$(inherited) @executable_path/Frameworks @loader_path/Frameworks";
				PRODUCT_BUNDLE_IDENTIFIER = com.LW.LazyWeatherTests;
				PRODUCT_NAME = "$(TARGET_NAME)";
				TEST_HOST = "$(BUILT_PRODUCTS_DIR)/LazyWeather.app/LazyWeather";
			};
			name = Release;
		};
		2985BFC21BD060C900FDBE6F /* Debug */ = {
			isa = XCBuildConfiguration;
			buildSettings = {
				INFOPLIST_FILE = LazyWeatherUITests/Info.plist;
				LD_RUNPATH_SEARCH_PATHS = "$(inherited) @executable_path/Frameworks @loader_path/Frameworks";
				PRODUCT_BUNDLE_IDENTIFIER = com.LW.LazyWeatherUITests;
				PRODUCT_NAME = "$(TARGET_NAME)";
				TEST_TARGET_NAME = LazyWeather;
				USES_XCTRUNNER = YES;
			};
			name = Debug;
		};
		2985BFC31BD060C900FDBE6F /* Release */ = {
			isa = XCBuildConfiguration;
			buildSettings = {
				INFOPLIST_FILE = LazyWeatherUITests/Info.plist;
				LD_RUNPATH_SEARCH_PATHS = "$(inherited) @executable_path/Frameworks @loader_path/Frameworks";
				PRODUCT_BUNDLE_IDENTIFIER = com.LW.LazyWeatherUITests;
				PRODUCT_NAME = "$(TARGET_NAME)";
				TEST_TARGET_NAME = LazyWeather;
				USES_XCTRUNNER = YES;
			};
			name = Release;
		};
/* End XCBuildConfiguration section */

/* Begin XCConfigurationList section */
		2985BF831BD060C800FDBE6F /* Build configuration list for PBXProject "LazyWeather" */ = {
			isa = XCConfigurationList;
			buildConfigurations = (
				2985BFB91BD060C900FDBE6F /* Debug */,
				2985BFBA1BD060C900FDBE6F /* Release */,
			);
			defaultConfigurationIsVisible = 0;
			defaultConfigurationName = Release;
		};
		2985BFBB1BD060C900FDBE6F /* Build configuration list for PBXNativeTarget "LazyWeather" */ = {
			isa = XCConfigurationList;
			buildConfigurations = (
				2985BFBC1BD060C900FDBE6F /* Debug */,
				2985BFBD1BD060C900FDBE6F /* Release */,
			);
			defaultConfigurationIsVisible = 0;
			defaultConfigurationName = Release;
		};
		2985BFBE1BD060C900FDBE6F /* Build configuration list for PBXNativeTarget "LazyWeatherTests" */ = {
			isa = XCConfigurationList;
			buildConfigurations = (
				2985BFBF1BD060C900FDBE6F /* Debug */,
				2985BFC01BD060C900FDBE6F /* Release */,
			);
			defaultConfigurationIsVisible = 0;
			defaultConfigurationName = Release;
		};
		2985BFC11BD060C900FDBE6F /* Build configuration list for PBXNativeTarget "LazyWeatherUITests" */ = {
			isa = XCConfigurationList;
			buildConfigurations = (
				2985BFC21BD060C900FDBE6F /* Debug */,
				2985BFC31BD060C900FDBE6F /* Release */,
			);
			defaultConfigurationIsVisible = 0;
			defaultConfigurationName = Release;
		};
/* End XCConfigurationList section */
	};
	rootObject = 2985BF801BD060C800FDBE6F /* Project object */;
}
