// !$*UTF8*$!
{
	archiveVersion = 1;
	classes = {
	};
	objectVersion = 46;
	objects = {

/* Begin PBXBuildFile section */
		292FEC621BD0793D007D7821 /* main.m in Sources */ = {isa = PBXBuildFile; fileRef = 292FEC611BD0793D007D7821 /* main.m */; };
		292FEC731BD0793D007D7821 /* Assets.xcassets in Resources */ = {isa = PBXBuildFile; fileRef = 292FEC721BD0793D007D7821 /* Assets.xcassets */; };
		292FEC761BD0793D007D7821 /* LaunchScreen.storyboard in Resources */ = {isa = PBXBuildFile; fileRef = 292FEC741BD0793D007D7821 /* LaunchScreen.storyboard */; };
		292FEC811BD0793D007D7821 /* LazyWeatherTests.m in Sources */ = {isa = PBXBuildFile; fileRef = 292FEC801BD0793D007D7821 /* LazyWeatherTests.m */; };
		292FEC8C1BD0793D007D7821 /* LazyWeatherUITests.m in Sources */ = {isa = PBXBuildFile; fileRef = 292FEC8B1BD0793D007D7821 /* LazyWeatherUITests.m */; };
		292FECAE1BD0799C007D7821 /* LWSettingsStore.m in Sources */ = {isa = PBXBuildFile; fileRef = 292FEC991BD0799C007D7821 /* LWSettingsStore.m */; settings = {ASSET_TAGS = (); }; };
		292FECAF1BD0799C007D7821 /* LWRootViewController.m in Sources */ = {isa = PBXBuildFile; fileRef = 292FEC9B1BD0799C007D7821 /* LWRootViewController.m */; settings = {ASSET_TAGS = (); }; };
		292FECB01BD0799C007D7821 /* LWPageViewModelController.m in Sources */ = {isa = PBXBuildFile; fileRef = 292FEC9D1BD0799C007D7821 /* LWPageViewModelController.m */; settings = {ASSET_TAGS = (); }; };
		292FECB11BD0799C007D7821 /* LWWeatherUpdateManager.m in Sources */ = {isa = PBXBuildFile; fileRef = 292FEC9F1BD0799C007D7821 /* LWWeatherUpdateManager.m */; settings = {ASSET_TAGS = (); }; };
		292FECB21BD0799C007D7821 /* LWWeatherStore.m in Sources */ = {isa = PBXBuildFile; fileRef = 292FECA11BD0799C007D7821 /* LWWeatherStore.m */; settings = {ASSET_TAGS = (); }; };
		292FECB31BD0799C007D7821 /* LWLocationGrabber.m in Sources */ = {isa = PBXBuildFile; fileRef = 292FECA31BD0799C007D7821 /* LWLocationGrabber.m */; settings = {ASSET_TAGS = (); }; };
		292FECB41BD0799C007D7821 /* LWHomeViewController.m in Sources */ = {isa = PBXBuildFile; fileRef = 292FECA51BD0799C007D7821 /* LWHomeViewController.m */; settings = {ASSET_TAGS = (); }; };
		292FECB51BD0799C007D7821 /* LWDataFetcher.m in Sources */ = {isa = PBXBuildFile; fileRef = 292FECA71BD0799C007D7821 /* LWDataFetcher.m */; settings = {ASSET_TAGS = (); }; };
		292FECB61BD0799C007D7821 /* LWDailyForecast.m in Sources */ = {isa = PBXBuildFile; fileRef = 292FECA91BD0799C007D7821 /* LWDailyForecast.m */; settings = {ASSET_TAGS = (); }; };
		292FECB71BD0799C007D7821 /* Main.storyboard in Resources */ = {isa = PBXBuildFile; fileRef = 292FECAB1BD0799C007D7821 /* Main.storyboard */; settings = {ASSET_TAGS = (); }; };
		292FECB81BD0799C007D7821 /* LWAppDelegate.m in Sources */ = {isa = PBXBuildFile; fileRef = 292FECAC1BD0799C007D7821 /* LWAppDelegate.m */; settings = {ASSET_TAGS = (); }; };
		298F01D91BD2EA97007E35C2 /* LWConditionPickerCell.m in Sources */ = {isa = PBXBuildFile; fileRef = 298F01D81BD2EA97007E35C2 /* LWConditionPickerCell.m */; settings = {ASSET_TAGS = (); }; };
		298F01DD1BD2EE58007E35C2 /* LWUnitsPromptCell.m in Sources */ = {isa = PBXBuildFile; fileRef = 298F01DC1BD2EE58007E35C2 /* LWUnitsPromptCell.m */; settings = {ASSET_TAGS = (); }; };
		29A21E831BD1BFB600ADC42B /* LWSettingsViewController.m in Sources */ = {isa = PBXBuildFile; fileRef = 29A21E821BD1BFB600ADC42B /* LWSettingsViewController.m */; settings = {ASSET_TAGS = (); }; };
		29A21E861BD1C06A00ADC42B /* LWDatePickerCell.m in Sources */ = {isa = PBXBuildFile; fileRef = 29A21E851BD1C06A00ADC42B /* LWDatePickerCell.m */; settings = {ASSET_TAGS = (); }; };
		29A21E891BD1C07F00ADC42B /* LWRainChancePickerCell.m in Sources */ = {isa = PBXBuildFile; fileRef = 29A21E881BD1C07F00ADC42B /* LWRainChancePickerCell.m */; settings = {ASSET_TAGS = (); }; };
		29AFE8121BD9C8320025ED27 /* WeatherLazy framed.png in Resources */ = {isa = PBXBuildFile; fileRef = 29AFE8101BD9C8320025ED27 /* WeatherLazy framed.png */; settings = {ASSET_TAGS = (); }; };
		29AFE8131BD9C8320025ED27 /* WeatherLazy Logo.png in Resources */ = {isa = PBXBuildFile; fileRef = 29AFE8111BD9C8320025ED27 /* WeatherLazy Logo.png */; settings = {ASSET_TAGS = (); }; };
		29CB2E691BD2E228001F70E7 /* LWPromptCell.m in Sources */ = {isa = PBXBuildFile; fileRef = 29CB2E681BD2E228001F70E7 /* LWPromptCell.m */; settings = {ASSET_TAGS = (); }; };
/* End PBXBuildFile section */

/* Begin PBXContainerItemProxy section */
		292FEC7D1BD0793D007D7821 /* PBXContainerItemProxy */ = {
			isa = PBXContainerItemProxy;
			containerPortal = 292FEC551BD0793D007D7821 /* Project object */;
			proxyType = 1;
			remoteGlobalIDString = 292FEC5C1BD0793D007D7821;
			remoteInfo = LazyWeather;
		};
		292FEC881BD0793D007D7821 /* PBXContainerItemProxy */ = {
			isa = PBXContainerItemProxy;
			containerPortal = 292FEC551BD0793D007D7821 /* Project object */;
			proxyType = 1;
			remoteGlobalIDString = 292FEC5C1BD0793D007D7821;
			remoteInfo = LazyWeather;
		};
/* End PBXContainerItemProxy section */

/* Begin PBXFileReference section */
		292FEC5D1BD0793D007D7821 /* WeatherLazy.app */ = {isa = PBXFileReference; explicitFileType = wrapper.application; includeInIndex = 0; path = WeatherLazy.app; sourceTree = BUILT_PRODUCTS_DIR; };
		292FEC611BD0793D007D7821 /* main.m */ = {isa = PBXFileReference; lastKnownFileType = sourcecode.c.objc; path = main.m; sourceTree = "<group>"; };
		292FEC721BD0793D007D7821 /* Assets.xcassets */ = {isa = PBXFileReference; lastKnownFileType = folder.assetcatalog; path = Assets.xcassets; sourceTree = "<group>"; };
		292FEC751BD0793D007D7821 /* Base */ = {isa = PBXFileReference; lastKnownFileType = file.storyboard; name = Base; path = Base.lproj/LaunchScreen.storyboard; sourceTree = "<group>"; };
		292FEC771BD0793D007D7821 /* Info.plist */ = {isa = PBXFileReference; lastKnownFileType = text.plist.xml; path = Info.plist; sourceTree = "<group>"; };
		292FEC7C1BD0793D007D7821 /* WeatherLazy.xctest */ = {isa = PBXFileReference; explicitFileType = wrapper.cfbundle; includeInIndex = 0; path = WeatherLazy.xctest; sourceTree = BUILT_PRODUCTS_DIR; };
		292FEC801BD0793D007D7821 /* LazyWeatherTests.m */ = {isa = PBXFileReference; lastKnownFileType = sourcecode.c.objc; path = LazyWeatherTests.m; sourceTree = "<group>"; };
		292FEC821BD0793D007D7821 /* Info.plist */ = {isa = PBXFileReference; lastKnownFileType = text.plist.xml; path = Info.plist; sourceTree = "<group>"; };
		292FEC871BD0793D007D7821 /* WeatherLazy.xctest */ = {isa = PBXFileReference; explicitFileType = wrapper.cfbundle; includeInIndex = 0; path = WeatherLazy.xctest; sourceTree = BUILT_PRODUCTS_DIR; };
		292FEC8B1BD0793D007D7821 /* LazyWeatherUITests.m */ = {isa = PBXFileReference; lastKnownFileType = sourcecode.c.objc; path = LazyWeatherUITests.m; sourceTree = "<group>"; };
		292FEC8D1BD0793D007D7821 /* Info.plist */ = {isa = PBXFileReference; lastKnownFileType = text.plist.xml; path = Info.plist; sourceTree = "<group>"; };
		292FEC991BD0799C007D7821 /* LWSettingsStore.m */ = {isa = PBXFileReference; fileEncoding = 4; lastKnownFileType = sourcecode.c.objc; path = LWSettingsStore.m; sourceTree = "<group>"; };
		292FEC9A1BD0799C007D7821 /* LWSettingsStore.h */ = {isa = PBXFileReference; fileEncoding = 4; lastKnownFileType = sourcecode.c.h; path = LWSettingsStore.h; sourceTree = "<group>"; };
		292FEC9B1BD0799C007D7821 /* LWRootViewController.m */ = {isa = PBXFileReference; fileEncoding = 4; lastKnownFileType = sourcecode.c.objc; path = LWRootViewController.m; sourceTree = "<group>"; };
		292FEC9C1BD0799C007D7821 /* LWRootViewController.h */ = {isa = PBXFileReference; fileEncoding = 4; lastKnownFileType = sourcecode.c.h; path = LWRootViewController.h; sourceTree = "<group>"; };
		292FEC9D1BD0799C007D7821 /* LWPageViewModelController.m */ = {isa = PBXFileReference; fileEncoding = 4; lastKnownFileType = sourcecode.c.objc; path = LWPageViewModelController.m; sourceTree = "<group>"; };
		292FEC9E1BD0799C007D7821 /* LWPageViewModelController.h */ = {isa = PBXFileReference; fileEncoding = 4; lastKnownFileType = sourcecode.c.h; path = LWPageViewModelController.h; sourceTree = "<group>"; };
		292FEC9F1BD0799C007D7821 /* LWWeatherUpdateManager.m */ = {isa = PBXFileReference; fileEncoding = 4; lastKnownFileType = sourcecode.c.objc; path = LWWeatherUpdateManager.m; sourceTree = "<group>"; };
		292FECA01BD0799C007D7821 /* LWWeatherUpdateManager.h */ = {isa = PBXFileReference; fileEncoding = 4; lastKnownFileType = sourcecode.c.h; path = LWWeatherUpdateManager.h; sourceTree = "<group>"; };
		292FECA11BD0799C007D7821 /* LWWeatherStore.m */ = {isa = PBXFileReference; fileEncoding = 4; lastKnownFileType = sourcecode.c.objc; path = LWWeatherStore.m; sourceTree = "<group>"; };
		292FECA21BD0799C007D7821 /* LWWeatherStore.h */ = {isa = PBXFileReference; fileEncoding = 4; lastKnownFileType = sourcecode.c.h; path = LWWeatherStore.h; sourceTree = "<group>"; };
		292FECA31BD0799C007D7821 /* LWLocationGrabber.m */ = {isa = PBXFileReference; fileEncoding = 4; lastKnownFileType = sourcecode.c.objc; path = LWLocationGrabber.m; sourceTree = "<group>"; };
		292FECA41BD0799C007D7821 /* LWLocationGrabber.h */ = {isa = PBXFileReference; fileEncoding = 4; lastKnownFileType = sourcecode.c.h; path = LWLocationGrabber.h; sourceTree = "<group>"; };
		292FECA51BD0799C007D7821 /* LWHomeViewController.m */ = {isa = PBXFileReference; fileEncoding = 4; lastKnownFileType = sourcecode.c.objc; path = LWHomeViewController.m; sourceTree = "<group>"; };
		292FECA61BD0799C007D7821 /* LWHomeViewController.h */ = {isa = PBXFileReference; fileEncoding = 4; lastKnownFileType = sourcecode.c.h; path = LWHomeViewController.h; sourceTree = "<group>"; };
		292FECA71BD0799C007D7821 /* LWDataFetcher.m */ = {isa = PBXFileReference; fileEncoding = 4; lastKnownFileType = sourcecode.c.objc; path = LWDataFetcher.m; sourceTree = "<group>"; };
		292FECA81BD0799C007D7821 /* LWDataFetcher.h */ = {isa = PBXFileReference; fileEncoding = 4; lastKnownFileType = sourcecode.c.h; path = LWDataFetcher.h; sourceTree = "<group>"; };
		292FECA91BD0799C007D7821 /* LWDailyForecast.m */ = {isa = PBXFileReference; fileEncoding = 4; lastKnownFileType = sourcecode.c.objc; path = LWDailyForecast.m; sourceTree = "<group>"; };
		292FECAA1BD0799C007D7821 /* LWDailyForecast.h */ = {isa = PBXFileReference; fileEncoding = 4; lastKnownFileType = sourcecode.c.h; path = LWDailyForecast.h; sourceTree = "<group>"; };
		292FECAB1BD0799C007D7821 /* Main.storyboard */ = {isa = PBXFileReference; fileEncoding = 4; lastKnownFileType = file.storyboard; path = Main.storyboard; sourceTree = "<group>"; };
		292FECAC1BD0799C007D7821 /* LWAppDelegate.m */ = {isa = PBXFileReference; fileEncoding = 4; lastKnownFileType = sourcecode.c.objc; path = LWAppDelegate.m; sourceTree = "<group>"; };
		292FECAD1BD0799C007D7821 /* LWAppDelegate.h */ = {isa = PBXFileReference; fileEncoding = 4; lastKnownFileType = sourcecode.c.h; path = LWAppDelegate.h; sourceTree = "<group>"; };
		298F01D71BD2EA97007E35C2 /* LWConditionPickerCell.h */ = {isa = PBXFileReference; fileEncoding = 4; lastKnownFileType = sourcecode.c.h; path = LWConditionPickerCell.h; sourceTree = "<group>"; };
		298F01D81BD2EA97007E35C2 /* LWConditionPickerCell.m */ = {isa = PBXFileReference; fileEncoding = 4; lastKnownFileType = sourcecode.c.objc; path = LWConditionPickerCell.m; sourceTree = "<group>"; };
		298F01DB1BD2EE58007E35C2 /* LWUnitsPromptCell.h */ = {isa = PBXFileReference; fileEncoding = 4; lastKnownFileType = sourcecode.c.h; path = LWUnitsPromptCell.h; sourceTree = "<group>"; };
		298F01DC1BD2EE58007E35C2 /* LWUnitsPromptCell.m */ = {isa = PBXFileReference; fileEncoding = 4; lastKnownFileType = sourcecode.c.objc; path = LWUnitsPromptCell.m; sourceTree = "<group>"; };
		29A21E811BD1BFB600ADC42B /* LWSettingsViewController.h */ = {isa = PBXFileReference; fileEncoding = 4; lastKnownFileType = sourcecode.c.h; path = LWSettingsViewController.h; sourceTree = "<group>"; };
		29A21E821BD1BFB600ADC42B /* LWSettingsViewController.m */ = {isa = PBXFileReference; fileEncoding = 4; lastKnownFileType = sourcecode.c.objc; path = LWSettingsViewController.m; sourceTree = "<group>"; };
		29A21E841BD1C06A00ADC42B /* LWDatePickerCell.h */ = {isa = PBXFileReference; fileEncoding = 4; lastKnownFileType = sourcecode.c.h; path = LWDatePickerCell.h; sourceTree = "<group>"; };
		29A21E851BD1C06A00ADC42B /* LWDatePickerCell.m */ = {isa = PBXFileReference; fileEncoding = 4; lastKnownFileType = sourcecode.c.objc; path = LWDatePickerCell.m; sourceTree = "<group>"; };
		29A21E871BD1C07F00ADC42B /* LWRainChancePickerCell.h */ = {isa = PBXFileReference; fileEncoding = 4; lastKnownFileType = sourcecode.c.h; path = LWRainChancePickerCell.h; sourceTree = "<group>"; };
		29A21E881BD1C07F00ADC42B /* LWRainChancePickerCell.m */ = {isa = PBXFileReference; fileEncoding = 4; lastKnownFileType = sourcecode.c.objc; path = LWRainChancePickerCell.m; sourceTree = "<group>"; };
		29AFE8101BD9C8320025ED27 /* WeatherLazy framed.png */ = {isa = PBXFileReference; lastKnownFileType = image.png; path = "WeatherLazy framed.png"; sourceTree = "<group>"; };
		29AFE8111BD9C8320025ED27 /* WeatherLazy Logo.png */ = {isa = PBXFileReference; lastKnownFileType = image.png; path = "WeatherLazy Logo.png"; sourceTree = "<group>"; };
		29CB2E671BD2E228001F70E7 /* LWPromptCell.h */ = {isa = PBXFileReference; fileEncoding = 4; lastKnownFileType = sourcecode.c.h; path = LWPromptCell.h; sourceTree = "<group>"; };
		29CB2E681BD2E228001F70E7 /* LWPromptCell.m */ = {isa = PBXFileReference; fileEncoding = 4; lastKnownFileType = sourcecode.c.objc; path = LWPromptCell.m; sourceTree = "<group>"; };
/* End PBXFileReference section */

/* Begin PBXFrameworksBuildPhase section */
		292FEC5A1BD0793D007D7821 /* Frameworks */ = {
			isa = PBXFrameworksBuildPhase;
			buildActionMask = 2147483647;
			files = (
			);
			runOnlyForDeploymentPostprocessing = 0;
		};
		292FEC791BD0793D007D7821 /* Frameworks */ = {
			isa = PBXFrameworksBuildPhase;
			buildActionMask = 2147483647;
			files = (
			);
			runOnlyForDeploymentPostprocessing = 0;
		};
		292FEC841BD0793D007D7821 /* Frameworks */ = {
			isa = PBXFrameworksBuildPhase;
			buildActionMask = 2147483647;
			files = (
			);
			runOnlyForDeploymentPostprocessing = 0;
		};
/* End PBXFrameworksBuildPhase section */

/* Begin PBXGroup section */
		292FEC541BD0793D007D7821 = {
			isa = PBXGroup;
			children = (
				292FEC5F1BD0793D007D7821 /* WeatherLazy */,
				292FEC7F1BD0793D007D7821 /* LazyWeatherTests */,
				292FEC8A1BD0793D007D7821 /* LazyWeatherUITests */,
				292FEC5E1BD0793D007D7821 /* Products */,
			);
			sourceTree = "<group>";
		};
		292FEC5E1BD0793D007D7821 /* Products */ = {
			isa = PBXGroup;
			children = (
				292FEC5D1BD0793D007D7821 /* WeatherLazy.app */,
				292FEC7C1BD0793D007D7821 /* WeatherLazy.xctest */,
				292FEC871BD0793D007D7821 /* WeatherLazy.xctest */,
			);
			name = Products;
			sourceTree = "<group>";
		};
		292FEC5F1BD0793D007D7821 /* WeatherLazy */ = {
			isa = PBXGroup;
			children = (
				292FECAD1BD0799C007D7821 /* LWAppDelegate.h */,
				292FECAC1BD0799C007D7821 /* LWAppDelegate.m */,
				40E0C7781BD08A46000AB809 /* UI */,
				40E0C7791BD08A6F000AB809 /* Model */,
				292FEC721BD0793D007D7821 /* Assets.xcassets */,
				292FECAB1BD0799C007D7821 /* Main.storyboard */,
				292FEC741BD0793D007D7821 /* LaunchScreen.storyboard */,
				292FEC771BD0793D007D7821 /* Info.plist */,
				29AFE8101BD9C8320025ED27 /* WeatherLazy framed.png */,
				29AFE8111BD9C8320025ED27 /* WeatherLazy Logo.png */,
				292FEC601BD0793D007D7821 /* Supporting Files */,
			);
			name = WeatherLazy;
			path = LazyWeather;
			sourceTree = "<group>";
		};
		292FEC601BD0793D007D7821 /* Supporting Files */ = {
			isa = PBXGroup;
			children = (
				292FEC611BD0793D007D7821 /* main.m */,
			);
			name = "Supporting Files";
			sourceTree = "<group>";
		};
		292FEC7F1BD0793D007D7821 /* LazyWeatherTests */ = {
			isa = PBXGroup;
			children = (
				292FEC801BD0793D007D7821 /* LazyWeatherTests.m */,
				292FEC821BD0793D007D7821 /* Info.plist */,
			);
			path = LazyWeatherTests;
			sourceTree = "<group>";
		};
		292FEC8A1BD0793D007D7821 /* LazyWeatherUITests */ = {
			isa = PBXGroup;
			children = (
				292FEC8B1BD0793D007D7821 /* LazyWeatherUITests.m */,
				292FEC8D1BD0793D007D7821 /* Info.plist */,
			);
			path = LazyWeatherUITests;
			sourceTree = "<group>";
		};
		298F01DA1BD2EAA5007E35C2 /* TableView Cells */ = {
			isa = PBXGroup;
			children = (
				29CB2E671BD2E228001F70E7 /* LWPromptCell.h */,
				29CB2E681BD2E228001F70E7 /* LWPromptCell.m */,
				298F01DB1BD2EE58007E35C2 /* LWUnitsPromptCell.h */,
				298F01DC1BD2EE58007E35C2 /* LWUnitsPromptCell.m */,
				29A21E841BD1C06A00ADC42B /* LWDatePickerCell.h */,
				29A21E851BD1C06A00ADC42B /* LWDatePickerCell.m */,
				29A21E871BD1C07F00ADC42B /* LWRainChancePickerCell.h */,
				29A21E881BD1C07F00ADC42B /* LWRainChancePickerCell.m */,
				298F01D71BD2EA97007E35C2 /* LWConditionPickerCell.h */,
				298F01D81BD2EA97007E35C2 /* LWConditionPickerCell.m */,
			);
			name = "TableView Cells";
			sourceTree = "<group>";
		};
		40E0C7781BD08A46000AB809 /* UI */ = {
			isa = PBXGroup;
			children = (
				292FEC9C1BD0799C007D7821 /* LWRootViewController.h */,
				292FEC9B1BD0799C007D7821 /* LWRootViewController.m */,
				292FEC9E1BD0799C007D7821 /* LWPageViewModelController.h */,
				292FEC9D1BD0799C007D7821 /* LWPageViewModelController.m */,
				292FECA61BD0799C007D7821 /* LWHomeViewController.h */,
				292FECA51BD0799C007D7821 /* LWHomeViewController.m */,
				29A21E811BD1BFB600ADC42B /* LWSettingsViewController.h */,
				29A21E821BD1BFB600ADC42B /* LWSettingsViewController.m */,
				298F01DA1BD2EAA5007E35C2 /* TableView Cells */,
			);
			name = UI;
			sourceTree = "<group>";
		};
		40E0C7791BD08A6F000AB809 /* Model */ = {
			isa = PBXGroup;
			children = (
				292FECA01BD0799C007D7821 /* LWWeatherUpdateManager.h */,
				292FEC9F1BD0799C007D7821 /* LWWeatherUpdateManager.m */,
				292FECA81BD0799C007D7821 /* LWDataFetcher.h */,
				292FECA71BD0799C007D7821 /* LWDataFetcher.m */,
				292FECA41BD0799C007D7821 /* LWLocationGrabber.h */,
				292FECA31BD0799C007D7821 /* LWLocationGrabber.m */,
				40E0C77A1BD08A9B000AB809 /* Data Storage */,
			);
			name = Model;
			sourceTree = "<group>";
		};
		40E0C77A1BD08A9B000AB809 /* Data Storage */ = {
			isa = PBXGroup;
			children = (
				292FEC9A1BD0799C007D7821 /* LWSettingsStore.h */,
				292FEC991BD0799C007D7821 /* LWSettingsStore.m */,
				292FECA21BD0799C007D7821 /* LWWeatherStore.h */,
				292FECA11BD0799C007D7821 /* LWWeatherStore.m */,
				292FECAA1BD0799C007D7821 /* LWDailyForecast.h */,
				292FECA91BD0799C007D7821 /* LWDailyForecast.m */,
			);
			name = "Data Storage";
			sourceTree = "<group>";
		};
/* End PBXGroup section */

/* Begin PBXNativeTarget section */
		292FEC5C1BD0793D007D7821 /* WeatherLazy */ = {
			isa = PBXNativeTarget;
			buildConfigurationList = 292FEC901BD0793D007D7821 /* Build configuration list for PBXNativeTarget "WeatherLazy" */;
			buildPhases = (
				292FEC591BD0793D007D7821 /* Sources */,
				292FEC5A1BD0793D007D7821 /* Frameworks */,
				292FEC5B1BD0793D007D7821 /* Resources */,
			);
			buildRules = (
			);
			dependencies = (
			);
			name = WeatherLazy;
			productName = LazyWeather;
			productReference = 292FEC5D1BD0793D007D7821 /* WeatherLazy.app */;
			productType = "com.apple.product-type.application";
		};
		292FEC7B1BD0793D007D7821 /* WeatherLazyTests */ = {
			isa = PBXNativeTarget;
			buildConfigurationList = 292FEC931BD0793D007D7821 /* Build configuration list for PBXNativeTarget "WeatherLazyTests" */;
			buildPhases = (
				292FEC781BD0793D007D7821 /* Sources */,
				292FEC791BD0793D007D7821 /* Frameworks */,
				292FEC7A1BD0793D007D7821 /* Resources */,
			);
			buildRules = (
			);
			dependencies = (
				292FEC7E1BD0793D007D7821 /* PBXTargetDependency */,
			);
			name = WeatherLazyTests;
			productName = LazyWeatherTests;
			productReference = 292FEC7C1BD0793D007D7821 /* WeatherLazy.xctest */;
			productType = "com.apple.product-type.bundle.unit-test";
		};
		292FEC861BD0793D007D7821 /* WeatherLazyUITests */ = {
			isa = PBXNativeTarget;
			buildConfigurationList = 292FEC961BD0793D007D7821 /* Build configuration list for PBXNativeTarget "WeatherLazyUITests" */;
			buildPhases = (
				292FEC831BD0793D007D7821 /* Sources */,
				292FEC841BD0793D007D7821 /* Frameworks */,
				292FEC851BD0793D007D7821 /* Resources */,
			);
			buildRules = (
			);
			dependencies = (
				292FEC891BD0793D007D7821 /* PBXTargetDependency */,
			);
			name = WeatherLazyUITests;
			productName = LazyWeatherUITests;
			productReference = 292FEC871BD0793D007D7821 /* WeatherLazy.xctest */;
			productType = "com.apple.product-type.bundle.ui-testing";
		};
/* End PBXNativeTarget section */

/* Begin PBXProject section */
		292FEC551BD0793D007D7821 /* Project object */ = {
			isa = PBXProject;
			attributes = {
				LastUpgradeCheck = 0700;
				ORGANIZATIONNAME = "LazyWeather Team";
				TargetAttributes = {
					292FEC5C1BD0793D007D7821 = {
						CreatedOnToolsVersion = 7.0.1;
						DevelopmentTeam = 79KAWNEP47;
						SystemCapabilities = {
							com.apple.BackgroundModes = {
								enabled = 1;
							};
						};
					};
					292FEC7B1BD0793D007D7821 = {
						CreatedOnToolsVersion = 7.0.1;
						TestTargetID = 292FEC5C1BD0793D007D7821;
					};
					292FEC861BD0793D007D7821 = {
						CreatedOnToolsVersion = 7.0.1;
						TestTargetID = 292FEC5C1BD0793D007D7821;
					};
				};
			};
			buildConfigurationList = 292FEC581BD0793D007D7821 /* Build configuration list for PBXProject "WeatherLazy" */;
			compatibilityVersion = "Xcode 3.2";
			developmentRegion = English;
			hasScannedForEncodings = 0;
			knownRegions = (
				en,
				Base,
			);
			mainGroup = 292FEC541BD0793D007D7821;
			productRefGroup = 292FEC5E1BD0793D007D7821 /* Products */;
			projectDirPath = "";
			projectRoot = "";
			targets = (
				292FEC5C1BD0793D007D7821 /* WeatherLazy */,
				292FEC7B1BD0793D007D7821 /* WeatherLazyTests */,
				292FEC861BD0793D007D7821 /* WeatherLazyUITests */,
			);
		};
/* End PBXProject section */

/* Begin PBXResourcesBuildPhase section */
		292FEC5B1BD0793D007D7821 /* Resources */ = {
			isa = PBXResourcesBuildPhase;
			buildActionMask = 2147483647;
			files = (
				29AFE8131BD9C8320025ED27 /* WeatherLazy Logo.png in Resources */,
				292FECB71BD0799C007D7821 /* Main.storyboard in Resources */,
				292FEC761BD0793D007D7821 /* LaunchScreen.storyboard in Resources */,
				29AFE8121BD9C8320025ED27 /* WeatherLazy framed.png in Resources */,
				292FEC731BD0793D007D7821 /* Assets.xcassets in Resources */,
			);
			runOnlyForDeploymentPostprocessing = 0;
		};
		292FEC7A1BD0793D007D7821 /* Resources */ = {
			isa = PBXResourcesBuildPhase;
			buildActionMask = 2147483647;
			files = (
			);
			runOnlyForDeploymentPostprocessing = 0;
		};
		292FEC851BD0793D007D7821 /* Resources */ = {
			isa = PBXResourcesBuildPhase;
			buildActionMask = 2147483647;
			files = (
			);
			runOnlyForDeploymentPostprocessing = 0;
		};
/* End PBXResourcesBuildPhase section */

/* Begin PBXSourcesBuildPhase section */
		292FEC591BD0793D007D7821 /* Sources */ = {
			isa = PBXSourcesBuildPhase;
			buildActionMask = 2147483647;
			files = (
				298F01DD1BD2EE58007E35C2 /* LWUnitsPromptCell.m in Sources */,
				29A21E831BD1BFB600ADC42B /* LWSettingsViewController.m in Sources */,
				292FECB81BD0799C007D7821 /* LWAppDelegate.m in Sources */,
				292FECAE1BD0799C007D7821 /* LWSettingsStore.m in Sources */,
				292FECB11BD0799C007D7821 /* LWWeatherUpdateManager.m in Sources */,
				29CB2E691BD2E228001F70E7 /* LWPromptCell.m in Sources */,
				292FECB01BD0799C007D7821 /* LWPageViewModelController.m in Sources */,
				292FECB21BD0799C007D7821 /* LWWeatherStore.m in Sources */,
				292FECB41BD0799C007D7821 /* LWHomeViewController.m in Sources */,
				292FEC621BD0793D007D7821 /* main.m in Sources */,
				292FECB31BD0799C007D7821 /* LWLocationGrabber.m in Sources */,
				298F01D91BD2EA97007E35C2 /* LWConditionPickerCell.m in Sources */,
				292FECB51BD0799C007D7821 /* LWDataFetcher.m in Sources */,
				292FECAF1BD0799C007D7821 /* LWRootViewController.m in Sources */,
				292FECB61BD0799C007D7821 /* LWDailyForecast.m in Sources */,
				29A21E861BD1C06A00ADC42B /* LWDatePickerCell.m in Sources */,
				29A21E891BD1C07F00ADC42B /* LWRainChancePickerCell.m in Sources */,
			);
			runOnlyForDeploymentPostprocessing = 0;
		};
		292FEC781BD0793D007D7821 /* Sources */ = {
			isa = PBXSourcesBuildPhase;
			buildActionMask = 2147483647;
			files = (
				292FEC811BD0793D007D7821 /* LazyWeatherTests.m in Sources */,
			);
			runOnlyForDeploymentPostprocessing = 0;
		};
		292FEC831BD0793D007D7821 /* Sources */ = {
			isa = PBXSourcesBuildPhase;
			buildActionMask = 2147483647;
			files = (
				292FEC8C1BD0793D007D7821 /* LazyWeatherUITests.m in Sources */,
			);
			runOnlyForDeploymentPostprocessing = 0;
		};
/* End PBXSourcesBuildPhase section */

/* Begin PBXTargetDependency section */
		292FEC7E1BD0793D007D7821 /* PBXTargetDependency */ = {
			isa = PBXTargetDependency;
			target = 292FEC5C1BD0793D007D7821 /* WeatherLazy */;
			targetProxy = 292FEC7D1BD0793D007D7821 /* PBXContainerItemProxy */;
		};
		292FEC891BD0793D007D7821 /* PBXTargetDependency */ = {
			isa = PBXTargetDependency;
			target = 292FEC5C1BD0793D007D7821 /* WeatherLazy */;
			targetProxy = 292FEC881BD0793D007D7821 /* PBXContainerItemProxy */;
		};
/* End PBXTargetDependency section */

/* Begin PBXVariantGroup section */
		292FEC741BD0793D007D7821 /* LaunchScreen.storyboard */ = {
			isa = PBXVariantGroup;
			children = (
				292FEC751BD0793D007D7821 /* Base */,
			);
			name = LaunchScreen.storyboard;
			sourceTree = "<group>";
		};
/* End PBXVariantGroup section */

/* Begin XCBuildConfiguration section */
		292FEC8E1BD0793D007D7821 /* Debug */ = {
			isa = XCBuildConfiguration;
			buildSettings = {
				ALWAYS_SEARCH_USER_PATHS = NO;
				CLANG_CXX_LANGUAGE_STANDARD = "gnu++0x";
				CLANG_CXX_LIBRARY = "libc++";
				CLANG_ENABLE_MODULES = YES;
				CLANG_ENABLE_OBJC_ARC = YES;
				CLANG_WARN_BOOL_CONVERSION = YES;
				CLANG_WARN_CONSTANT_CONVERSION = YES;
				CLANG_WARN_DIRECT_OBJC_ISA_USAGE = YES_ERROR;
				CLANG_WARN_EMPTY_BODY = YES;
				CLANG_WARN_ENUM_CONVERSION = YES;
				CLANG_WARN_INT_CONVERSION = YES;
				CLANG_WARN_OBJC_ROOT_CLASS = YES_ERROR;
				CLANG_WARN_UNREACHABLE_CODE = YES;
				CLANG_WARN__DUPLICATE_METHOD_MATCH = YES;
				"CODE_SIGN_IDENTITY[sdk=iphoneos*]" = "iPhone Developer";
				COPY_PHASE_STRIP = NO;
				DEBUG_INFORMATION_FORMAT = dwarf;
				ENABLE_STRICT_OBJC_MSGSEND = YES;
				ENABLE_TESTABILITY = YES;
				GCC_C_LANGUAGE_STANDARD = gnu99;
				GCC_DYNAMIC_NO_PIC = NO;
				GCC_NO_COMMON_BLOCKS = YES;
				GCC_OPTIMIZATION_LEVEL = 0;
				GCC_PREPROCESSOR_DEFINITIONS = (
					"DEBUG=1",
					"$(inherited)",
				);
				GCC_WARN_64_TO_32_BIT_CONVERSION = YES;
				GCC_WARN_ABOUT_RETURN_TYPE = YES_ERROR;
				GCC_WARN_UNDECLARED_SELECTOR = YES;
				GCC_WARN_UNINITIALIZED_AUTOS = YES_AGGRESSIVE;
				GCC_WARN_UNUSED_FUNCTION = YES;
				GCC_WARN_UNUSED_VARIABLE = YES;
				IPHONEOS_DEPLOYMENT_TARGET = 9.0;
				MTL_ENABLE_DEBUG_INFO = YES;
				ONLY_ACTIVE_ARCH = YES;
				SDKROOT = iphoneos;
			};
			name = Debug;
		};
		292FEC8F1BD0793D007D7821 /* Release */ = {
			isa = XCBuildConfiguration;
			buildSettings = {
				ALWAYS_SEARCH_USER_PATHS = NO;
				CLANG_CXX_LANGUAGE_STANDARD = "gnu++0x";
				CLANG_CXX_LIBRARY = "libc++";
				CLANG_ENABLE_MODULES = YES;
				CLANG_ENABLE_OBJC_ARC = YES;
				CLANG_WARN_BOOL_CONVERSION = YES;
				CLANG_WARN_CONSTANT_CONVERSION = YES;
				CLANG_WARN_DIRECT_OBJC_ISA_USAGE = YES_ERROR;
				CLANG_WARN_EMPTY_BODY = YES;
				CLANG_WARN_ENUM_CONVERSION = YES;
				CLANG_WARN_INT_CONVERSION = YES;
				CLANG_WARN_OBJC_ROOT_CLASS = YES_ERROR;
				CLANG_WARN_UNREACHABLE_CODE = YES;
				CLANG_WARN__DUPLICATE_METHOD_MATCH = YES;
				"CODE_SIGN_IDENTITY[sdk=iphoneos*]" = "iPhone Developer";
				COPY_PHASE_STRIP = NO;
				DEBUG_INFORMATION_FORMAT = "dwarf-with-dsym";
				ENABLE_NS_ASSERTIONS = NO;
				ENABLE_STRICT_OBJC_MSGSEND = YES;
				GCC_C_LANGUAGE_STANDARD = gnu99;
				GCC_NO_COMMON_BLOCKS = YES;
				GCC_WARN_64_TO_32_BIT_CONVERSION = YES;
				GCC_WARN_ABOUT_RETURN_TYPE = YES_ERROR;
				GCC_WARN_UNDECLARED_SELECTOR = YES;
				GCC_WARN_UNINITIALIZED_AUTOS = YES_AGGRESSIVE;
				GCC_WARN_UNUSED_FUNCTION = YES;
				GCC_WARN_UNUSED_VARIABLE = YES;
				IPHONEOS_DEPLOYMENT_TARGET = 9.0;
				MTL_ENABLE_DEBUG_INFO = NO;
				SDKROOT = iphoneos;
				VALIDATE_PRODUCT = YES;
			};
			name = Release;
		};
		292FEC911BD0793D007D7821 /* Debug */ = {
			isa = XCBuildConfiguration;
			buildSettings = {
				ASSETCATALOG_COMPILER_APPICON_NAME = AppIcon;
				CODE_SIGN_IDENTITY = "iPhone Developer";
				"CODE_SIGN_IDENTITY[sdk=iphoneos*]" = "iPhone Developer";
				INFOPLIST_FILE = LazyWeather/Info.plist;
				LD_RUNPATH_SEARCH_PATHS = "$(inherited) @executable_path/Frameworks";
				PRODUCT_BUNDLE_IDENTIFIER = com.LW.LazyWeather;
				PRODUCT_NAME = WeatherLazy;
				PROVISIONING_PROFILE = "";
			};
			name = Debug;
		};
		292FEC921BD0793D007D7821 /* Release */ = {
			isa = XCBuildConfiguration;
			buildSettings = {
				ASSETCATALOG_COMPILER_APPICON_NAME = AppIcon;
				CODE_SIGN_IDENTITY = "iPhone Developer";
				"CODE_SIGN_IDENTITY[sdk=iphoneos*]" = "iPhone Developer";
				INFOPLIST_FILE = LazyWeather/Info.plist;
				LD_RUNPATH_SEARCH_PATHS = "$(inherited) @executable_path/Frameworks";
				PRODUCT_BUNDLE_IDENTIFIER = com.LW.LazyWeather;
				PRODUCT_NAME = WeatherLazy;
				PROVISIONING_PROFILE = "";
			};
			name = Release;
		};
		292FEC941BD0793D007D7821 /* Debug */ = {
			isa = XCBuildConfiguration;
			buildSettings = {
				BUNDLE_LOADER = "$(TEST_HOST)";
				INFOPLIST_FILE = LazyWeatherTests/Info.plist;
				LD_RUNPATH_SEARCH_PATHS = "$(inherited) @executable_path/Frameworks @loader_path/Frameworks";
				PRODUCT_BUNDLE_IDENTIFIER = com.LW.LazyWeatherTests;
				PRODUCT_NAME = WeatherLazy;
				TEST_HOST = "$(BUILT_PRODUCTS_DIR)/WeatherLazy.app/WeatherLazy";
			};
			name = Debug;
		};
		292FEC951BD0793D007D7821 /* Release */ = {
			isa = XCBuildConfiguration;
			buildSettings = {
				BUNDLE_LOADER = "$(TEST_HOST)";
				INFOPLIST_FILE = LazyWeatherTests/Info.plist;
				LD_RUNPATH_SEARCH_PATHS = "$(inherited) @executable_path/Frameworks @loader_path/Frameworks";
				PRODUCT_BUNDLE_IDENTIFIER = com.LW.LazyWeatherTests;
				PRODUCT_NAME = WeatherLazy;
				TEST_HOST = "$(BUILT_PRODUCTS_DIR)/WeatherLazy.app/WeatherLazy";
			};
			name = Release;
		};
		292FEC971BD0793D007D7821 /* Debug */ = {
			isa = XCBuildConfiguration;
			buildSettings = {
				INFOPLIST_FILE = LazyWeatherUITests/Info.plist;
				LD_RUNPATH_SEARCH_PATHS = "$(inherited) @executable_path/Frameworks @loader_path/Frameworks";
				PRODUCT_BUNDLE_IDENTIFIER = com.LW.LazyWeatherUITests;
				PRODUCT_NAME = WeatherLazy;
				TEST_TARGET_NAME = LazyWeather;
				USES_XCTRUNNER = YES;
			};
			name = Debug;
		};
		292FEC981BD0793D007D7821 /* Release */ = {
			isa = XCBuildConfiguration;
			buildSettings = {
				INFOPLIST_FILE = LazyWeatherUITests/Info.plist;
				LD_RUNPATH_SEARCH_PATHS = "$(inherited) @executable_path/Frameworks @loader_path/Frameworks";
				PRODUCT_BUNDLE_IDENTIFIER = com.LW.LazyWeatherUITests;
				PRODUCT_NAME = WeatherLazy;
				TEST_TARGET_NAME = LazyWeather;
				USES_XCTRUNNER = YES;
			};
			name = Release;
		};
/* End XCBuildConfiguration section */

/* Begin XCConfigurationList section */
		292FEC581BD0793D007D7821 /* Build configuration list for PBXProject "WeatherLazy" */ = {
			isa = XCConfigurationList;
			buildConfigurations = (
				292FEC8E1BD0793D007D7821 /* Debug */,
				292FEC8F1BD0793D007D7821 /* Release */,
			);
			defaultConfigurationIsVisible = 0;
			defaultConfigurationName = Release;
		};
		292FEC901BD0793D007D7821 /* Build configuration list for PBXNativeTarget "WeatherLazy" */ = {
			isa = XCConfigurationList;
			buildConfigurations = (
				292FEC911BD0793D007D7821 /* Debug */,
				292FEC921BD0793D007D7821 /* Release */,
			);
			defaultConfigurationIsVisible = 0;
			defaultConfigurationName = Release;
		};
		292FEC931BD0793D007D7821 /* Build configuration list for PBXNativeTarget "WeatherLazyTests" */ = {
			isa = XCConfigurationList;
			buildConfigurations = (
				292FEC941BD0793D007D7821 /* Debug */,
				292FEC951BD0793D007D7821 /* Release */,
			);
			defaultConfigurationIsVisible = 0;
			defaultConfigurationName = Release;
		};
		292FEC961BD0793D007D7821 /* Build configuration list for PBXNativeTarget "WeatherLazyUITests" */ = {
			isa = XCConfigurationList;
			buildConfigurations = (
				292FEC971BD0793D007D7821 /* Debug */,
				292FEC981BD0793D007D7821 /* Release */,
			);
			defaultConfigurationIsVisible = 0;
			defaultConfigurationName = Release;
		};
/* End XCConfigurationList section */
	};
	rootObject = 292FEC551BD0793D007D7821 /* Project object */;
}
